{
  "nodes": {
    "flake-utils": {
      "inputs": {
        "systems": "systems"
      },
      "locked": {
        "lastModified": 1731533236,
        "narHash": "sha256-l0KFg5HjrsfsO/JpG+r7fRrqm12kzFHyUHqHCVpMMbI=",
        "owner": "numtide",
        "repo": "flake-utils",
        "rev": "11707dc2f618dd54ca8739b309ec4fc024de578b",
        "type": "github"
      },
      "original": {
        "owner": "numtide",
        "repo": "flake-utils",
        "type": "github"
      }
    },
    "microvm": {
      "inputs": {
        "flake-utils": "flake-utils",
        "nixpkgs": [
          "nixpkgs"
        ],
        "spectrum": "spectrum"
      },
      "locked": {
        "lastModified": 1752843889,
        "narHash": "sha256-WSvdkO80w6fwtKAj3ePTnl9zD8+0i12fd7hL9Enj9Gg=",
        "ref": "refs/heads/main",
        "rev": "bde4522ae5eb358c05d1dfd6b23abaa9988be3ff",
        "shallow": true,
        "type": "git",
        "url": "https://github.com/astro/microvm.nix"
      },
      "original": {
        "shallow": true,
        "type": "git",
        "url": "https://github.com/astro/microvm.nix"
      }
    },
    "nixpkgs": {
      "locked": {
        "lastModified": 1752820569,
        "narHash": "sha256-okomYyezDlua8/ssPHEdE2/gC1r+MElosWlZQuFrIdQ=",
        "rev": "6e987485eb2c77e5dcc5af4e3c70843711ef9251",
        "type": "tarball",
        "url": "https://releases.nixos.org/nixos/unstable/nixos-25.11pre831064.6e987485eb2c/nixexprs.tar.xz"
      },
      "original": {
        "type": "tarball",
        "url": "https://channels.nixos.org/nixos-unstable/nixexprs.tar.xz"
      }
    },
    "root": {
      "inputs": {
        "microvm": "microvm",
        "nixpkgs": "nixpkgs",
        "sops-nix": "sops-nix"
      }
    },
    "sops-nix": {
      "inputs": {
        "nixpkgs": [
          "nixpkgs"
        ]
      },
      "locked": {
        "lastModified": 1752544651,
        "narHash": "sha256-GllP7cmQu7zLZTs9z0J2gIL42IZHa9CBEXwBY9szT0U=",
        "ref": "refs/heads/master",
        "rev": "2c8def626f54708a9c38a5861866660395bb3461",
        "shallow": true,
        "type": "git",
        "url": "https://github.com/Mic92/sops-nix"
      },
      "original": {
        "shallow": true,
        "type": "git",
        "url": "https://github.com/Mic92/sops-nix"
      }
    },
    "spectrum": {
      "flake": false,
      "locked": {
        "lastModified": 1751265943,
        "narHash": "sha256-XoHSo6GEElzRUOYAEg/jlh5c8TDsyDESFIux3nU/NMc=",
        "ref": "refs/heads/main",
        "rev": "37c8663fab86fdb202fece339ef7ac7177ffc201",
        "revCount": 904,
        "type": "git",
        "url": "https://spectrum-os.org/git/spectrum"
      },
      "original": {
        "type": "git",
        "url": "https://spectrum-os.org/git/spectrum"
      }
    },
    "systems": {
      "locked": {
        "lastModified": 1681028828,
        "narHash": "sha256-Vy1rq5AaRuLzOxct8nz4T6wlgyUR7zLU309k9mBC768=",
        "owner": "nix-systems",
        "repo": "default",
        "rev": "da67096a3b9bf56a91d16901293e51ba5b49a27e",
        "type": "github"
      },
      "original": {
        "owner": "nix-systems",
        "repo": "default",
        "type": "github"
      }
    }
  },
  "root": "root",
  "version": 7
}
